
Microsoft Visual Studio Solution File, Format Version 12.00
# Visual Studio Version 17
VisualStudioVersion = 17.6.33815.320
MinimumVisualStudioVersion = 10.0.40219.1
Project("{FAE04EC0-301F-11D3-BF4B-00C04F79EFBC}") = "DelegateDotNet", "src\DelegateDotNet.csproj", "{1CDC533A-0C1D-46C4-9C0B-B2466B615008}"
EndProject
Global
	GlobalSection(SolutionConfigurationPlatforms) = preSolution
		Debug|Any CPU = Debug|Any CPU
		Release|Any CPU = Release|Any CPU
	EndGlobalSection
	GlobalSection(ProjectConfigurationPlatforms) = postSolution
		{1CDC533A-0C1D-46C4-9C0B-B2466B615008}.Debug|Any CPU.ActiveCfg = Debug|Any CPU
		{1CDC533A-0C1D-46C4-9C0B-B2466B615008}.Debug|Any CPU.Build.0 = Debug|Any CPU
		{1CDC533A-0C1D-46C4-9C0B-B2466B615008}.Release|Any CPU.ActiveCfg = Release|Any CPU
		{1CDC533A-0C1D-46C4-9C0B-B2466B615008}.Release|Any CPU.Build.0 = Release|Any CPU
	EndGlobalSection
	GlobalSection(SolutionProperties) = preSolution
		HideSolutionNode = FALSE
	EndGlobalSection
	GlobalSection(ExtensibilityGlobals) = postSolution
		SolutionGuid = {6819E143-0248-4B87-8672-1E1A8C15750E}
	EndGlobalSection
EndGlobal
